
Microsoft Visual Studio Solution File, Format Version 12.00
# Visual Studio Version 16
VisualStudioVersion = 16.0.30406.217
MinimumVisualStudioVersion = 10.0.40219.1
Project("{888888A0-9F3D-457C-B088-3A5042F75D52}") = "BoidEvolution", "BoidEvolution.pyproj", "{262F4179-D3AA-4AFB-929C-6C8282347783}"
EndProject
Global
	GlobalSection(SolutionConfigurationPlatforms) = preSolution
		Debug|Any CPU = Debug|Any CPU
		Release|Any CPU = Release|Any CPU
	EndGlobalSection
	GlobalSection(ProjectConfigurationPlatforms) = postSolution
		{262F4179-D3AA-4AFB-929C-6C8282347783}.Debug|Any CPU.ActiveCfg = Debug|Any CPU
		{262F4179-D3AA-4AFB-929C-6C8282347783}.Release|Any CPU.ActiveCfg = Release|Any CPU
	EndGlobalSection
	GlobalSection(SolutionProperties) = preSolution
		HideSolutionNode = FALSE
	EndGlobalSection
	GlobalSection(ExtensibilityGlobals) = postSolution
		SolutionGuid = {65C4BD2D-962B-4F57-A60D-77A0FAE36DF4}
	EndGlobalSection
EndGlobal
